// !$*UTF8*$!
{
	archiveVersion = 1;
	classes = {
	};
	objectVersion = 46;
	objects = {

/* Begin PBXBuildFile section */
		8B0D5FF61EA938A2003CCD9C /* AddressBook.swift in Sources */ = {isa = PBXBuildFile; fileRef = 8B0D5FF51EA938A2003CCD9C /* AddressBook.swift */; };
		8B0D5FF91EA938B3003CCD9C /* AddressBook.framework in Frameworks */ = {isa = PBXBuildFile; fileRef = 8B0D5FF81EA938B3003CCD9C /* AddressBook.framework */; };
		8B0D5FFB1EA93A9B003CCD9C /* Contacts.framework in Frameworks */ = {isa = PBXBuildFile; fileRef = 8B0D5FFA1EA93A9B003CCD9C /* Contacts.framework */; };
		B37AFE6C1D46868100F7A6ED /* AppDelegate.swift in Sources */ = {isa = PBXBuildFile; fileRef = B37AFE6B1D46868100F7A6ED /* AppDelegate.swift */; };
		B37AFE6E1D46868100F7A6ED /* ViewController.swift in Sources */ = {isa = PBXBuildFile; fileRef = B37AFE6D1D46868100F7A6ED /* ViewController.swift */; };
		B37AFE711D46868100F7A6ED /* Main.storyboard in Resources */ = {isa = PBXBuildFile; fileRef = B37AFE6F1D46868100F7A6ED /* Main.storyboard */; };
		B37AFE731D46868100F7A6ED /* Assets.xcassets in Resources */ = {isa = PBXBuildFile; fileRef = B37AFE721D46868100F7A6ED /* Assets.xcassets */; };
		B37AFE761D46868100F7A6ED /* LaunchScreen.storyboard in Resources */ = {isa = PBXBuildFile; fileRef = B37AFE741D46868100F7A6ED /* LaunchScreen.storyboard */; };
/* End PBXBuildFile section */

/* Begin PBXFileReference section */
		8B0D5FF51EA938A2003CCD9C /* AddressBook.swift */ = {isa = PBXFileReference; fileEncoding = 4; lastKnownFileType = sourcecode.swift; path = AddressBook.swift; sourceTree = "<group>"; };
		8B0D5FF81EA938B3003CCD9C /* AddressBook.framework */ = {isa = PBXFileReference; lastKnownFileType = wrapper.framework; name = AddressBook.framework; path = System/Library/Frameworks/AddressBook.framework; sourceTree = SDKROOT; };
		8B0D5FFA1EA93A9B003CCD9C /* Contacts.framework */ = {isa = PBXFileReference; lastKnownFileType = wrapper.framework; name = Contacts.framework; path = System/Library/Frameworks/Contacts.framework; sourceTree = SDKROOT; };
		B37AFE681D46868100F7A6ED /* iOSVersionsLab.app */ = {isa = PBXFileReference; explicitFileType = wrapper.application; includeInIndex = 0; path = iOSVersionsLab.app; sourceTree = BUILT_PRODUCTS_DIR; };
		B37AFE6B1D46868100F7A6ED /* AppDelegate.swift */ = {isa = PBXFileReference; lastKnownFileType = sourcecode.swift; path = AppDelegate.swift; sourceTree = "<group>"; };
		B37AFE6D1D46868100F7A6ED /* ViewController.swift */ = {isa = PBXFileReference; lastKnownFileType = sourcecode.swift; path = ViewController.swift; sourceTree = "<group>"; };
		B37AFE701D46868100F7A6ED /* Base */ = {isa = PBXFileReference; lastKnownFileType = file.storyboard; name = Base; path = Base.lproj/Main.storyboard; sourceTree = "<group>"; };
		B37AFE721D46868100F7A6ED /* Assets.xcassets */ = {isa = PBXFileReference; lastKnownFileType = folder.assetcatalog; path = Assets.xcassets; sourceTree = "<group>"; };
		B37AFE751D46868100F7A6ED /* Base */ = {isa = PBXFileReference; lastKnownFileType = file.storyboard; name = Base; path = Base.lproj/LaunchScreen.storyboard; sourceTree = "<group>"; };
		B37AFE771D46868100F7A6ED /* Info.plist */ = {isa = PBXFileReference; lastKnownFileType = text.plist.xml; path = Info.plist; sourceTree = "<group>"; };
/* End PBXFileReference section */

/* Begin PBXFrameworksBuildPhase section */
		B37AFE651D46868100F7A6ED /* Frameworks */ = {
			isa = PBXFrameworksBuildPhase;
			buildActionMask = 2147483647;
			files = (
				8B0D5FFB1EA93A9B003CCD9C /* Contacts.framework in Frameworks */,
				8B0D5FF91EA938B3003CCD9C /* AddressBook.framework in Frameworks */,
			);
			runOnlyForDeploymentPostprocessing = 0;
		};
/* End PBXFrameworksBuildPhase section */

/* Begin PBXGroup section */
		8B0D5FF71EA938B2003CCD9C /* Frameworks */ = {
			isa = PBXGroup;
			children = (
				8B0D5FFA1EA93A9B003CCD9C /* Contacts.framework */,
				8B0D5FF81EA938B3003CCD9C /* AddressBook.framework */,
			);
			name = Frameworks;
			sourceTree = "<group>";
		};
		B37AFE5F1D46868100F7A6ED = {
			isa = PBXGroup;
			children = (
				B37AFE6A1D46868100F7A6ED /* iOSVersionsLab */,
				B37AFE691D46868100F7A6ED /* Products */,
				8B0D5FF71EA938B2003CCD9C /* Frameworks */,
			);
			sourceTree = "<group>";
		};
		B37AFE691D46868100F7A6ED /* Products */ = {
			isa = PBXGroup;
			children = (
				B37AFE681D46868100F7A6ED /* iOSVersionsLab.app */,
			);
			name = Products;
			sourceTree = "<group>";
		};
		B37AFE6A1D46868100F7A6ED /* iOSVersionsLab */ = {
			isa = PBXGroup;
			children = (
				B37AFE6B1D46868100F7A6ED /* AppDelegate.swift */,
				B37AFE6D1D46868100F7A6ED /* ViewController.swift */,
				8B0D5FF51EA938A2003CCD9C /* AddressBook.swift */,
				B37AFE6F1D46868100F7A6ED /* Main.storyboard */,
				B37AFE721D46868100F7A6ED /* Assets.xcassets */,
				B37AFE741D46868100F7A6ED /* LaunchScreen.storyboard */,
				B37AFE771D46868100F7A6ED /* Info.plist */,
			);
			path = iOSVersionsLab;
			sourceTree = "<group>";
		};
/* End PBXGroup section */

/* Begin PBXNativeTarget section */
		B37AFE671D46868100F7A6ED /* iOSVersionsLab */ = {
			isa = PBXNativeTarget;
			buildConfigurationList = B37AFE7A1D46868100F7A6ED /* Build configuration list for PBXNativeTarget "iOSVersionsLab" */;
			buildPhases = (
				B37AFE641D46868100F7A6ED /* Sources */,
				B37AFE651D46868100F7A6ED /* Frameworks */,
				B37AFE661D46868100F7A6ED /* Resources */,
			);
			buildRules = (
			);
			dependencies = (
			);
			name = iOSVersionsLab;
			productName = iOSVersionsLab;
			productReference = B37AFE681D46868100F7A6ED /* iOSVersionsLab.app */;
			productType = "com.apple.product-type.application";
		};
/* End PBXNativeTarget section */

/* Begin PBXProject section */
		B37AFE601D46868100F7A6ED /* Project object */ = {
			isa = PBXProject;
			attributes = {
				LastSwiftUpdateCheck = 0800;
				LastUpgradeCheck = 0830;
				ORGANIZATIONNAME = "General Assembly";
				TargetAttributes = {
					B37AFE671D46868100F7A6ED = {
						CreatedOnToolsVersion = 8.0;
						DevelopmentTeam = Y8S79T498T;
						DevelopmentTeamName = "Ezekiel Abuhoff";
						ProvisioningStyle = Automatic;
					};
				};
			};
			buildConfigurationList = B37AFE631D46868100F7A6ED /* Build configuration list for PBXProject "iOSVersionsLab" */;
			compatibilityVersion = "Xcode 3.2";
			developmentRegion = English;
			hasScannedForEncodings = 0;
			knownRegions = (
				en,
				Base,
			);
			mainGroup = B37AFE5F1D46868100F7A6ED;
			productRefGroup = B37AFE691D46868100F7A6ED /* Products */;
			projectDirPath = "";
			projectRoot = "";
			targets = (
				B37AFE671D46868100F7A6ED /* iOSVersionsLab */,
			);
		};
/* End PBXProject section */

/* Begin PBXResourcesBuildPhase section */
		B37AFE661D46868100F7A6ED /* Resources */ = {
			isa = PBXResourcesBuildPhase;
			buildActionMask = 2147483647;
			files = (
				B37AFE761D46868100F7A6ED /* LaunchScreen.storyboard in Resources */,
				B37AFE731D46868100F7A6ED /* Assets.xcassets in Resources */,
				B37AFE711D46868100F7A6ED /* Main.storyboard in Resources */,
			);
			runOnlyForDeploymentPostprocessing = 0;
		};
/* End PBXResourcesBuildPhase section */

/* Begin PBXSourcesBuildPhase section */
		B37AFE641D46868100F7A6ED /* Sources */ = {
			isa = PBXSourcesBuildPhase;
			buildActionMask = 2147483647;
			files = (
				8B0D5FF61EA938A2003CCD9C /* AddressBook.swift in Sources */,
				B37AFE6E1D46868100F7A6ED /* ViewController.swift in Sources */,
				B37AFE6C1D46868100F7A6ED /* AppDelegate.swift in Sources */,
			);
			runOnlyForDeploymentPostprocessing = 0;
		};
/* End PBXSourcesBuildPhase section */

/* Begin PBXVariantGroup section */
		B37AFE6F1D46868100F7A6ED /* Main.storyboard */ = {
			isa = PBXVariantGroup;
			children = (
				B37AFE701D46868100F7A6ED /* Base */,
			);
			name = Main.storyboard;
			sourceTree = "<group>";
		};
		B37AFE741D46868100F7A6ED /* LaunchScreen.storyboard */ = {
			isa = PBXVariantGroup;
			children = (
				B37AFE751D46868100F7A6ED /* Base */,
			);
			name = LaunchScreen.storyboard;
			sourceTree = "<group>";
		};
/* End PBXVariantGroup section */

/* Begin XCBuildConfiguration section */
		B37AFE781D46868100F7A6ED /* Debug */ = {
			isa = XCBuildConfiguration;
			buildSettings = {
				ALWAYS_SEARCH_USER_PATHS = NO;
				CLANG_ANALYZER_NONNULL = YES;
				CLANG_CXX_LANGUAGE_STANDARD = "gnu++0x";
				CLANG_CXX_LIBRARY = "libc++";
				CLANG_ENABLE_MODULES = YES;
				CLANG_ENABLE_OBJC_ARC = YES;
				CLANG_WARN_BOOL_CONVERSION = YES;
				CLANG_WARN_CONSTANT_CONVERSION = YES;
				CLANG_WARN_DIRECT_OBJC_ISA_USAGE = YES_ERROR;
				CLANG_WARN_DOCUMENTATION_COMMENTS = YES;
				CLANG_WARN_EMPTY_BODY = YES;
				CLANG_WARN_ENUM_CONVERSION = YES;
				CLANG_WARN_INFINITE_RECURSION = YES;
				CLANG_WARN_INT_CONVERSION = YES;
				CLANG_WARN_OBJC_ROOT_CLASS = YES_ERROR;
				CLANG_WARN_SUSPICIOUS_MOVE = YES;
				CLANG_WARN_UNREACHABLE_CODE = YES;
				CLANG_WARN__DUPLICATE_METHOD_MATCH = YES;
				"CODE_SIGN_IDENTITY[sdk=iphoneos*]" = "iPhone Developer";
				COPY_PHASE_STRIP = NO;
				DEBUG_INFORMATION_FORMAT = dwarf;
				ENABLE_STRICT_OBJC_MSGSEND = YES;
				ENABLE_TESTABILITY = YES;
				GCC_C_LANGUAGE_STANDARD = gnu99;
				GCC_DYNAMIC_NO_PIC = NO;
				GCC_NO_COMMON_BLOCKS = YES;
				GCC_OPTIMIZATION_LEVEL = 0;
				GCC_PREPROCESSOR_DEFINITIONS = (
					"DEBUG=1",
					"$(inherited)",
				);
				GCC_WARN_64_TO_32_BIT_CONVERSION = YES;
				GCC_WARN_ABOUT_RETURN_TYPE = YES_ERROR;
				GCC_WARN_UNDECLARED_SELECTOR = YES;
				GCC_WARN_UNINITIALIZED_AUTOS = YES_AGGRESSIVE;
				GCC_WARN_UNUSED_FUNCTION = YES;
				GCC_WARN_UNUSED_VARIABLE = YES;
				IPHONEOS_DEPLOYMENT_TARGET = 8.0;
				MTL_ENABLE_DEBUG_INFO = YES;
				ONLY_ACTIVE_ARCH = YES;
				SDKROOT = iphoneos;
				SWIFT_ACTIVE_COMPILATION_CONDITIONS = DEBUG;
				SWIFT_OPTIMIZATION_LEVEL = "-Onone";
				TARGETED_DEVICE_FAMILY = "1,2";
			};
			name = Debug;
		};
		B37AFE791D46868100F7A6ED /* Release */ = {
			isa = XCBuildConfiguration;
			buildSettings = {
				ALWAYS_SEARCH_USER_PATHS = NO;
				CLANG_ANALYZER_NONNULL = YES;
				CLANG_CXX_LANGUAGE_STANDARD = "gnu++0x";
				CLANG_CXX_LIBRARY = "libc++";
				CLANG_ENABLE_MODULES = YES;
				CLANG_ENABLE_OBJC_ARC = YES;
				CLANG_WARN_BOOL_CONVERSION = YES;
				CLANG_WARN_CONSTANT_CONVERSION = YES;
				CLANG_WARN_DIRECT_OBJC_ISA_USAGE = YES_ERROR;
				CLANG_WARN_DOCUMENTATION_COMMENTS = YES;
				CLANG_WARN_EMPTY_BODY = YES;
				CLANG_WARN_ENUM_CONVERSION = YES;
				CLANG_WARN_INFINITE_RECURSION = YES;
				CLANG_WARN_INT_CONVERSION = YES;
				CLANG_WARN_OBJC_ROOT_CLASS = YES_ERROR;
				CLANG_WARN_SUSPICIOUS_MOVE = YES;
				CLANG_WARN_UNREACHABLE_CODE = YES;
				CLANG_WARN__DUPLICATE_METHOD_MATCH = YES;
				"CODE_SIGN_IDENTITY[sdk=iphoneos*]" = "iPhone Developer";
				COPY_PHASE_STRIP = NO;
				DEBUG_INFORMATION_FORMAT = "dwarf-with-dsym";
				ENABLE_NS_ASSERTIONS = NO;
				ENABLE_STRICT_OBJC_MSGSEND = YES;
				GCC_C_LANGUAGE_STANDARD = gnu99;
				GCC_NO_COMMON_BLOCKS = YES;
				GCC_WARN_64_TO_32_BIT_CONVERSION = YES;
				GCC_WARN_ABOUT_RETURN_TYPE = YES_ERROR;
				GCC_WARN_UNDECLARED_SELECTOR = YES;
				GCC_WARN_UNINITIALIZED_AUTOS = YES_AGGRESSIVE;
				GCC_WARN_UNUSED_FUNCTION = YES;
				GCC_WARN_UNUSED_VARIABLE = YES;
				IPHONEOS_DEPLOYMENT_TARGET = 8.0;
				MTL_ENABLE_DEBUG_INFO = NO;
				SDKROOT = iphoneos;
				SWIFT_OPTIMIZATION_LEVEL = "-Owholemodule";
				TARGETED_DEVICE_FAMILY = "1,2";
				VALIDATE_PRODUCT = YES;
			};
			name = Release;
		};
		B37AFE7B1D46868100F7A6ED /* Debug */ = {
			isa = XCBuildConfiguration;
			buildSettings = {
				ASSETCATALOG_COMPILER_APPICON_NAME = AppIcon;
				INFOPLIST_FILE = iOSVersionsLab/Info.plist;
				IPHONEOS_DEPLOYMENT_TARGET = 8.0;
				LD_RUNPATH_SEARCH_PATHS = "$(inherited) @executable_path/Frameworks";
				PRODUCT_BUNDLE_IDENTIFIER = com.GA.iOSVersionsLab;
				PRODUCT_NAME = "$(TARGET_NAME)";
				SWIFT_VERSION = 3.0;
			};
			name = Debug;
		};
		B37AFE7C1D46868100F7A6ED /* Release */ = {
			isa = XCBuildConfiguration;
			buildSettings = {
				ASSETCATALOG_COMPILER_APPICON_NAME = AppIcon;
				INFOPLIST_FILE = iOSVersionsLab/Info.plist;
				IPHONEOS_DEPLOYMENT_TARGET = 8.0;
				LD_RUNPATH_SEARCH_PATHS = "$(inherited) @executable_path/Frameworks";
				PRODUCT_BUNDLE_IDENTIFIER = com.GA.iOSVersionsLab;
				PRODUCT_NAME = "$(TARGET_NAME)";
				SWIFT_VERSION = 3.0;
			};
			name = Release;
		};
/* End XCBuildConfiguration section */

/* Begin XCConfigurationList section */
		B37AFE631D46868100F7A6ED /* Build configuration list for PBXProject "iOSVersionsLab" */ = {
			isa = XCConfigurationList;
			buildConfigurations = (
				B37AFE781D46868100F7A6ED /* Debug */,
				B37AFE791D46868100F7A6ED /* Release */,
			);
			defaultConfigurationIsVisible = 0;
			defaultConfigurationName = Release;
		};
		B37AFE7A1D46868100F7A6ED /* Build configuration list for PBXNativeTarget "iOSVersionsLab" */ = {
			isa = XCConfigurationList;
			buildConfigurations = (
				B37AFE7B1D46868100F7A6ED /* Debug */,
				B37AFE7C1D46868100F7A6ED /* Release */,
			);
			defaultConfigurationIsVisible = 0;
			defaultConfigurationName = Release;
		};
/* End XCConfigurationList section */
	};
	rootObject = B37AFE601D46868100F7A6ED /* Project object */;
}
