// !$*UTF8*$!
{
	archiveVersion = 1;
	classes = {
	};
	objectVersion = 46;
	objects = {

/* Begin PBXBuildFile section */
		5D837DC01D5AB99E00A3878F /* AppDelegate.swift in Sources */ = {isa = PBXBuildFile; fileRef = 5D837DBF1D5AB99E00A3878F /* AppDelegate.swift */; };
		5D837DC21D5AB99E00A3878F /* ViewController.swift in Sources */ = {isa = PBXBuildFile; fileRef = 5D837DC11D5AB99E00A3878F /* ViewController.swift */; };
		5D837DC51D5AB99E00A3878F /* Main.storyboard in Resources */ = {isa = PBXBuildFile; fileRef = 5D837DC31D5AB99E00A3878F /* Main.storyboard */; };
		5D837DC71D5AB99E00A3878F /* Assets.xcassets in Resources */ = {isa = PBXBuildFile; fileRef = 5D837DC61D5AB99E00A3878F /* Assets.xcassets */; };
		5D837DCA1D5AB99E00A3878F /* LaunchScreen.storyboard in Resources */ = {isa = PBXBuildFile; fileRef = 5D837DC81D5AB99E00A3878F /* LaunchScreen.storyboard */; };
		5D837DD21D5AC23D00A3878F /* EmojiDictionary.swift in Sources */ = {isa = PBXBuildFile; fileRef = 5D837DD11D5AC23D00A3878F /* EmojiDictionary.swift */; };
/* End PBXBuildFile section */

/* Begin PBXFileReference section */
		5D837DBC1D5AB99E00A3878F /* EmojiConverter.app */ = {isa = PBXFileReference; explicitFileType = wrapper.application; includeInIndex = 0; path = EmojiConverter.app; sourceTree = BUILT_PRODUCTS_DIR; };
		5D837DBF1D5AB99E00A3878F /* AppDelegate.swift */ = {isa = PBXFileReference; lastKnownFileType = sourcecode.swift; path = AppDelegate.swift; sourceTree = "<group>"; };
		5D837DC11D5AB99E00A3878F /* ViewController.swift */ = {isa = PBXFileReference; lastKnownFileType = sourcecode.swift; path = ViewController.swift; sourceTree = "<group>"; };
		5D837DC41D5AB99E00A3878F /* Base */ = {isa = PBXFileReference; lastKnownFileType = file.storyboard; name = Base; path = Base.lproj/Main.storyboard; sourceTree = "<group>"; };
		5D837DC61D5AB99E00A3878F /* Assets.xcassets */ = {isa = PBXFileReference; lastKnownFileType = folder.assetcatalog; path = Assets.xcassets; sourceTree = "<group>"; };
		5D837DC91D5AB99E00A3878F /* Base */ = {isa = PBXFileReference; lastKnownFileType = file.storyboard; name = Base; path = Base.lproj/LaunchScreen.storyboard; sourceTree = "<group>"; };
		5D837DCB1D5AB99E00A3878F /* Info.plist */ = {isa = PBXFileReference; lastKnownFileType = text.plist.xml; path = Info.plist; sourceTree = "<group>"; };
		5D837DD11D5AC23D00A3878F /* EmojiDictionary.swift */ = {isa = PBXFileReference; fileEncoding = 4; lastKnownFileType = sourcecode.swift; path = EmojiDictionary.swift; sourceTree = "<group>"; };
/* End PBXFileReference section */

/* Begin PBXFrameworksBuildPhase section */
		5D837DB91D5AB99E00A3878F /* Frameworks */ = {
			isa = PBXFrameworksBuildPhase;
			buildActionMask = 2147483647;
			files = (
			);
			runOnlyForDeploymentPostprocessing = 0;
		};
/* End PBXFrameworksBuildPhase section */

/* Begin PBXGroup section */
		5D837DB31D5AB99E00A3878F = {
			isa = PBXGroup;
			children = (
				5D837DBE1D5AB99E00A3878F /* EmojiConverter */,
				5D837DBD1D5AB99E00A3878F /* Products */,
			);
			sourceTree = "<group>";
		};
		5D837DBD1D5AB99E00A3878F /* Products */ = {
			isa = PBXGroup;
			children = (
				5D837DBC1D5AB99E00A3878F /* EmojiConverter.app */,
			);
			name = Products;
			sourceTree = "<group>";
		};
		5D837DBE1D5AB99E00A3878F /* EmojiConverter */ = {
			isa = PBXGroup;
			children = (
				5D837DBF1D5AB99E00A3878F /* AppDelegate.swift */,
				5D837DC11D5AB99E00A3878F /* ViewController.swift */,
				5D837DC31D5AB99E00A3878F /* Main.storyboard */,
				5D837DC61D5AB99E00A3878F /* Assets.xcassets */,
				5D837DC81D5AB99E00A3878F /* LaunchScreen.storyboard */,
				5D837DCB1D5AB99E00A3878F /* Info.plist */,
				5D837DD11D5AC23D00A3878F /* EmojiDictionary.swift */,
			);
			path = EmojiConverter;
			sourceTree = "<group>";
		};
/* End PBXGroup section */

/* Begin PBXNativeTarget section */
		5D837DBB1D5AB99E00A3878F /* EmojiConverter */ = {
			isa = PBXNativeTarget;
			buildConfigurationList = 5D837DCE1D5AB99E00A3878F /* Build configuration list for PBXNativeTarget "EmojiConverter" */;
			buildPhases = (
				5D837DB81D5AB99E00A3878F /* Sources */,
				5D837DB91D5AB99E00A3878F /* Frameworks */,
				5D837DBA1D5AB99E00A3878F /* Resources */,
			);
			buildRules = (
			);
			dependencies = (
			);
			name = EmojiConverter;
			productName = EmojiConverter;
			productReference = 5D837DBC1D5AB99E00A3878F /* EmojiConverter.app */;
			productType = "com.apple.product-type.application";
		};
/* End PBXNativeTarget section */

/* Begin PBXProject section */
		5D837DB41D5AB99E00A3878F /* Project object */ = {
			isa = PBXProject;
			attributes = {
				LastSwiftUpdateCheck = 0730;
				LastUpgradeCheck = 0730;
				ORGANIZATIONNAME = "General Assembly";
				TargetAttributes = {
					5D837DBB1D5AB99E00A3878F = {
						CreatedOnToolsVersion = 7.3.1;
						LastSwiftMigration = 0800;
					};
				};
			};
			buildConfigurationList = 5D837DB71D5AB99E00A3878F /* Build configuration list for PBXProject "EmojiConverter" */;
			compatibilityVersion = "Xcode 3.2";
			developmentRegion = English;
			hasScannedForEncodings = 0;
			knownRegions = (
				en,
				Base,
			);
			mainGroup = 5D837DB31D5AB99E00A3878F;
			productRefGroup = 5D837DBD1D5AB99E00A3878F /* Products */;
			projectDirPath = "";
			projectRoot = "";
			targets = (
				5D837DBB1D5AB99E00A3878F /* EmojiConverter */,
			);
		};
/* End PBXProject section */

/* Begin PBXResourcesBuildPhase section */
		5D837DBA1D5AB99E00A3878F /* Resources */ = {
			isa = PBXResourcesBuildPhase;
			buildActionMask = 2147483647;
			files = (
				5D837DCA1D5AB99E00A3878F /* LaunchScreen.storyboard in Resources */,
				5D837DC71D5AB99E00A3878F /* Assets.xcassets in Resources */,
				5D837DC51D5AB99E00A3878F /* Main.storyboard in Resources */,
			);
			runOnlyForDeploymentPostprocessing = 0;
		};
/* End PBXResourcesBuildPhase section */

/* Begin PBXSourcesBuildPhase section */
		5D837DB81D5AB99E00A3878F /* Sources */ = {
			isa = PBXSourcesBuildPhase;
			buildActionMask = 2147483647;
			files = (
				5D837DC21D5AB99E00A3878F /* ViewController.swift in Sources */,
				5D837DD21D5AC23D00A3878F /* EmojiDictionary.swift in Sources */,
				5D837DC01D5AB99E00A3878F /* AppDelegate.swift in Sources */,
			);
			runOnlyForDeploymentPostprocessing = 0;
		};
/* End PBXSourcesBuildPhase section */

/* Begin PBXVariantGroup section */
		5D837DC31D5AB99E00A3878F /* Main.storyboard */ = {
			isa = PBXVariantGroup;
			children = (
				5D837DC41D5AB99E00A3878F /* Base */,
			);
			name = Main.storyboard;
			sourceTree = "<group>";
		};
		5D837DC81D5AB99E00A3878F /* LaunchScreen.storyboard */ = {
			isa = PBXVariantGroup;
			children = (
				5D837DC91D5AB99E00A3878F /* Base */,
			);
			name = LaunchScreen.storyboard;
			sourceTree = "<group>";
		};
/* End PBXVariantGroup section */

/* Begin XCBuildConfiguration section */
		5D837DCC1D5AB99E00A3878F /* Debug */ = {
			isa = XCBuildConfiguration;
			buildSettings = {
				ALWAYS_SEARCH_USER_PATHS = NO;
				CLANG_ANALYZER_NONNULL = YES;
				CLANG_CXX_LANGUAGE_STANDARD = "gnu++0x";
				CLANG_CXX_LIBRARY = "libc++";
				CLANG_ENABLE_MODULES = YES;
				CLANG_ENABLE_OBJC_ARC = YES;
				CLANG_WARN_BOOL_CONVERSION = YES;
				CLANG_WARN_CONSTANT_CONVERSION = YES;
				CLANG_WARN_DIRECT_OBJC_ISA_USAGE = YES_ERROR;
				CLANG_WARN_EMPTY_BODY = YES;
				CLANG_WARN_ENUM_CONVERSION = YES;
				CLANG_WARN_INT_CONVERSION = YES;
				CLANG_WARN_OBJC_ROOT_CLASS = YES_ERROR;
				CLANG_WARN_UNREACHABLE_CODE = YES;
				CLANG_WARN__DUPLICATE_METHOD_MATCH = YES;
				"CODE_SIGN_IDENTITY[sdk=iphoneos*]" = "iPhone Developer";
				COPY_PHASE_STRIP = NO;
				DEBUG_INFORMATION_FORMAT = dwarf;
				ENABLE_STRICT_OBJC_MSGSEND = YES;
				ENABLE_TESTABILITY = YES;
				GCC_C_LANGUAGE_STANDARD = gnu99;
				GCC_DYNAMIC_NO_PIC = NO;
				GCC_NO_COMMON_BLOCKS = YES;
				GCC_OPTIMIZATION_LEVEL = 0;
				GCC_PREPROCESSOR_DEFINITIONS = (
					"DEBUG=1",
					"$(inherited)",
				);
				GCC_WARN_64_TO_32_BIT_CONVERSION = YES;
				GCC_WARN_ABOUT_RETURN_TYPE = YES_ERROR;
				GCC_WARN_UNDECLARED_SELECTOR = YES;
				GCC_WARN_UNINITIALIZED_AUTOS = YES_AGGRESSIVE;
				GCC_WARN_UNUSED_FUNCTION = YES;
				GCC_WARN_UNUSED_VARIABLE = YES;
				IPHONEOS_DEPLOYMENT_TARGET = 9.3;
				MTL_ENABLE_DEBUG_INFO = YES;
				ONLY_ACTIVE_ARCH = YES;
				SDKROOT = iphoneos;
				SWIFT_OPTIMIZATION_LEVEL = "-Onone";
			};
			name = Debug;
		};
		5D837DCD1D5AB99E00A3878F /* Release */ = {
			isa = XCBuildConfiguration;
			buildSettings = {
				ALWAYS_SEARCH_USER_PATHS = NO;
				CLANG_ANALYZER_NONNULL = YES;
				CLANG_CXX_LANGUAGE_STANDARD = "gnu++0x";
				CLANG_CXX_LIBRARY = "libc++";
				CLANG_ENABLE_MODULES = YES;
				CLANG_ENABLE_OBJC_ARC = YES;
				CLANG_WARN_BOOL_CONVERSION = YES;
				CLANG_WARN_CONSTANT_CONVERSION = YES;
				CLANG_WARN_DIRECT_OBJC_ISA_USAGE = YES_ERROR;
				CLANG_WARN_EMPTY_BODY = YES;
				CLANG_WARN_ENUM_CONVERSION = YES;
				CLANG_WARN_INT_CONVERSION = YES;
				CLANG_WARN_OBJC_ROOT_CLASS = YES_ERROR;
				CLANG_WARN_UNREACHABLE_CODE = YES;
				CLANG_WARN__DUPLICATE_METHOD_MATCH = YES;
				"CODE_SIGN_IDENTITY[sdk=iphoneos*]" = "iPhone Developer";
				COPY_PHASE_STRIP = NO;
				DEBUG_INFORMATION_FORMAT = "dwarf-with-dsym";
				ENABLE_NS_ASSERTIONS = NO;
				ENABLE_STRICT_OBJC_MSGSEND = YES;
				GCC_C_LANGUAGE_STANDARD = gnu99;
				GCC_NO_COMMON_BLOCKS = YES;
				GCC_WARN_64_TO_32_BIT_CONVERSION = YES;
				GCC_WARN_ABOUT_RETURN_TYPE = YES_ERROR;
				GCC_WARN_UNDECLARED_SELECTOR = YES;
				GCC_WARN_UNINITIALIZED_AUTOS = YES_AGGRESSIVE;
				GCC_WARN_UNUSED_FUNCTION = YES;
				GCC_WARN_UNUSED_VARIABLE = YES;
				IPHONEOS_DEPLOYMENT_TARGET = 9.3;
				MTL_ENABLE_DEBUG_INFO = NO;
				SDKROOT = iphoneos;
				VALIDATE_PRODUCT = YES;
			};
			name = Release;
		};
		5D837DCF1D5AB99E00A3878F /* Debug */ = {
			isa = XCBuildConfiguration;
			buildSettings = {
				ASSETCATALOG_COMPILER_APPICON_NAME = AppIcon;
				INFOPLIST_FILE = EmojiConverter/Info.plist;
				LD_RUNPATH_SEARCH_PATHS = "$(inherited) @executable_path/Frameworks";
				PRODUCT_BUNDLE_IDENTIFIER = com.generalassembly.EmojiConverter;
				PRODUCT_NAME = "$(TARGET_NAME)";
				SWIFT_VERSION = 3.0;
			};
			name = Debug;
		};
		5D837DD01D5AB99E00A3878F /* Release */ = {
			isa = XCBuildConfiguration;
			buildSettings = {
				ASSETCATALOG_COMPILER_APPICON_NAME = AppIcon;
				INFOPLIST_FILE = EmojiConverter/Info.plist;
				LD_RUNPATH_SEARCH_PATHS = "$(inherited) @executable_path/Frameworks";
				PRODUCT_BUNDLE_IDENTIFIER = com.generalassembly.EmojiConverter;
				PRODUCT_NAME = "$(TARGET_NAME)";
				SWIFT_VERSION = 3.0;
			};
			name = Release;
		};
/* End XCBuildConfiguration section */

/* Begin XCConfigurationList section */
		5D837DB71D5AB99E00A3878F /* Build configuration list for PBXProject "EmojiConverter" */ = {
			isa = XCConfigurationList;
			buildConfigurations = (
				5D837DCC1D5AB99E00A3878F /* Debug */,
				5D837DCD1D5AB99E00A3878F /* Release */,
			);
			defaultConfigurationIsVisible = 0;
			defaultConfigurationName = Release;
		};
		5D837DCE1D5AB99E00A3878F /* Build configuration list for PBXNativeTarget "EmojiConverter" */ = {
			isa = XCConfigurationList;
			buildConfigurations = (
				5D837DCF1D5AB99E00A3878F /* Debug */,
				5D837DD01D5AB99E00A3878F /* Release */,
			);
			defaultConfigurationIsVisible = 0;
			defaultConfigurationName = Release;
		};
/* End XCConfigurationList section */
	};
	rootObject = 5D837DB41D5AB99E00A3878F /* Project object */;
}
