// !$*UTF8*$!
{
	archiveVersion = 1;
	classes = {
	};
	objectVersion = 46;
	objects = {

/* Begin PBXBuildFile section */
		B3B8E7C41D3D7DBC00AD0DCD /* AppDelegate.swift in Sources */ = {isa = PBXBuildFile; fileRef = B3B8E7C31D3D7DBC00AD0DCD /* AppDelegate.swift */; };
		B3B8E7C61D3D7DBC00AD0DCD /* ViewController.swift in Sources */ = {isa = PBXBuildFile; fileRef = B3B8E7C51D3D7DBC00AD0DCD /* ViewController.swift */; };
		B3B8E7C91D3D7DBC00AD0DCD /* Main.storyboard in Resources */ = {isa = PBXBuildFile; fileRef = B3B8E7C71D3D7DBC00AD0DCD /* Main.storyboard */; };
		B3B8E7CB1D3D7DBC00AD0DCD /* Assets.xcassets in Resources */ = {isa = PBXBuildFile; fileRef = B3B8E7CA1D3D7DBC00AD0DCD /* Assets.xcassets */; };
		B3B8E7CE1D3D7DBC00AD0DCD /* LaunchScreen.storyboard in Resources */ = {isa = PBXBuildFile; fileRef = B3B8E7CC1D3D7DBC00AD0DCD /* LaunchScreen.storyboard */; };
		B3B8E7D61D3D7ED600AD0DCD /* BarChart.swift in Sources */ = {isa = PBXBuildFile; fileRef = B3B8E7D51D3D7ED600AD0DCD /* BarChart.swift */; };
/* End PBXBuildFile section */

/* Begin PBXFileReference section */
		B3B8E7C01D3D7DBC00AD0DCD /* CustomUIViewsLab.app */ = {isa = PBXFileReference; explicitFileType = wrapper.application; includeInIndex = 0; path = CustomUIViewsLab.app; sourceTree = BUILT_PRODUCTS_DIR; };
		B3B8E7C31D3D7DBC00AD0DCD /* AppDelegate.swift */ = {isa = PBXFileReference; lastKnownFileType = sourcecode.swift; path = AppDelegate.swift; sourceTree = "<group>"; };
		B3B8E7C51D3D7DBC00AD0DCD /* ViewController.swift */ = {isa = PBXFileReference; lastKnownFileType = sourcecode.swift; path = ViewController.swift; sourceTree = "<group>"; };
		B3B8E7C81D3D7DBC00AD0DCD /* Base */ = {isa = PBXFileReference; lastKnownFileType = file.storyboard; name = Base; path = Base.lproj/Main.storyboard; sourceTree = "<group>"; };
		B3B8E7CA1D3D7DBC00AD0DCD /* Assets.xcassets */ = {isa = PBXFileReference; lastKnownFileType = folder.assetcatalog; path = Assets.xcassets; sourceTree = "<group>"; };
		B3B8E7CD1D3D7DBC00AD0DCD /* Base */ = {isa = PBXFileReference; lastKnownFileType = file.storyboard; name = Base; path = Base.lproj/LaunchScreen.storyboard; sourceTree = "<group>"; };
		B3B8E7CF1D3D7DBC00AD0DCD /* Info.plist */ = {isa = PBXFileReference; lastKnownFileType = text.plist.xml; path = Info.plist; sourceTree = "<group>"; };
		B3B8E7D51D3D7ED600AD0DCD /* BarChart.swift */ = {isa = PBXFileReference; fileEncoding = 4; lastKnownFileType = sourcecode.swift; path = BarChart.swift; sourceTree = "<group>"; };
/* End PBXFileReference section */

/* Begin PBXFrameworksBuildPhase section */
		B3B8E7BD1D3D7DBC00AD0DCD /* Frameworks */ = {
			isa = PBXFrameworksBuildPhase;
			buildActionMask = 2147483647;
			files = (
			);
			runOnlyForDeploymentPostprocessing = 0;
		};
/* End PBXFrameworksBuildPhase section */

/* Begin PBXGroup section */
		B3B8E7B71D3D7DBC00AD0DCD = {
			isa = PBXGroup;
			children = (
				B3B8E7C21D3D7DBC00AD0DCD /* CustomUIViewsLab */,
				B3B8E7C11D3D7DBC00AD0DCD /* Products */,
			);
			sourceTree = "<group>";
		};
		B3B8E7C11D3D7DBC00AD0DCD /* Products */ = {
			isa = PBXGroup;
			children = (
				B3B8E7C01D3D7DBC00AD0DCD /* CustomUIViewsLab.app */,
			);
			name = Products;
			sourceTree = "<group>";
		};
		B3B8E7C21D3D7DBC00AD0DCD /* CustomUIViewsLab */ = {
			isa = PBXGroup;
			children = (
				B3B8E7C31D3D7DBC00AD0DCD /* AppDelegate.swift */,
				B3B8E7C51D3D7DBC00AD0DCD /* ViewController.swift */,
				B3B8E7D51D3D7ED600AD0DCD /* BarChart.swift */,
				B3B8E7C71D3D7DBC00AD0DCD /* Main.storyboard */,
				B3B8E7CA1D3D7DBC00AD0DCD /* Assets.xcassets */,
				B3B8E7CC1D3D7DBC00AD0DCD /* LaunchScreen.storyboard */,
				B3B8E7CF1D3D7DBC00AD0DCD /* Info.plist */,
			);
			path = CustomUIViewsLab;
			sourceTree = "<group>";
		};
/* End PBXGroup section */

/* Begin PBXNativeTarget section */
		B3B8E7BF1D3D7DBC00AD0DCD /* CustomUIViewsLab */ = {
			isa = PBXNativeTarget;
			buildConfigurationList = B3B8E7D21D3D7DBC00AD0DCD /* Build configuration list for PBXNativeTarget "CustomUIViewsLab" */;
			buildPhases = (
				B3B8E7BC1D3D7DBC00AD0DCD /* Sources */,
				B3B8E7BD1D3D7DBC00AD0DCD /* Frameworks */,
				B3B8E7BE1D3D7DBC00AD0DCD /* Resources */,
			);
			buildRules = (
			);
			dependencies = (
			);
			name = CustomUIViewsLab;
			productName = CustomUIViewsLab;
			productReference = B3B8E7C01D3D7DBC00AD0DCD /* CustomUIViewsLab.app */;
			productType = "com.apple.product-type.application";
		};
/* End PBXNativeTarget section */

/* Begin PBXProject section */
		B3B8E7B81D3D7DBC00AD0DCD /* Project object */ = {
			isa = PBXProject;
			attributes = {
				LastSwiftUpdateCheck = 0800;
				LastUpgradeCheck = 0830;
				ORGANIZATIONNAME = "General Assembly";
				TargetAttributes = {
					B3B8E7BF1D3D7DBC00AD0DCD = {
						CreatedOnToolsVersion = 8.0;
						DevelopmentTeam = Y8S79T498T;
						DevelopmentTeamName = "Ezekiel Abuhoff";
						ProvisioningStyle = Automatic;
					};
				};
			};
			buildConfigurationList = B3B8E7BB1D3D7DBC00AD0DCD /* Build configuration list for PBXProject "CustomUIViewsLab" */;
			compatibilityVersion = "Xcode 3.2";
			developmentRegion = English;
			hasScannedForEncodings = 0;
			knownRegions = (
				en,
				Base,
			);
			mainGroup = B3B8E7B71D3D7DBC00AD0DCD;
			productRefGroup = B3B8E7C11D3D7DBC00AD0DCD /* Products */;
			projectDirPath = "";
			projectRoot = "";
			targets = (
				B3B8E7BF1D3D7DBC00AD0DCD /* CustomUIViewsLab */,
			);
		};
/* End PBXProject section */

/* Begin PBXResourcesBuildPhase section */
		B3B8E7BE1D3D7DBC00AD0DCD /* Resources */ = {
			isa = PBXResourcesBuildPhase;
			buildActionMask = 2147483647;
			files = (
				B3B8E7CE1D3D7DBC00AD0DCD /* LaunchScreen.storyboard in Resources */,
				B3B8E7CB1D3D7DBC00AD0DCD /* Assets.xcassets in Resources */,
				B3B8E7C91D3D7DBC00AD0DCD /* Main.storyboard in Resources */,
			);
			runOnlyForDeploymentPostprocessing = 0;
		};
/* End PBXResourcesBuildPhase section */

/* Begin PBXSourcesBuildPhase section */
		B3B8E7BC1D3D7DBC00AD0DCD /* Sources */ = {
			isa = PBXSourcesBuildPhase;
			buildActionMask = 2147483647;
			files = (
				B3B8E7C61D3D7DBC00AD0DCD /* ViewController.swift in Sources */,
				B3B8E7D61D3D7ED600AD0DCD /* BarChart.swift in Sources */,
				B3B8E7C41D3D7DBC00AD0DCD /* AppDelegate.swift in Sources */,
			);
			runOnlyForDeploymentPostprocessing = 0;
		};
/* End PBXSourcesBuildPhase section */

/* Begin PBXVariantGroup section */
		B3B8E7C71D3D7DBC00AD0DCD /* Main.storyboard */ = {
			isa = PBXVariantGroup;
			children = (
				B3B8E7C81D3D7DBC00AD0DCD /* Base */,
			);
			name = Main.storyboard;
			sourceTree = "<group>";
		};
		B3B8E7CC1D3D7DBC00AD0DCD /* LaunchScreen.storyboard */ = {
			isa = PBXVariantGroup;
			children = (
				B3B8E7CD1D3D7DBC00AD0DCD /* Base */,
			);
			name = LaunchScreen.storyboard;
			sourceTree = "<group>";
		};
/* End PBXVariantGroup section */

/* Begin XCBuildConfiguration section */
		B3B8E7D01D3D7DBC00AD0DCD /* Debug */ = {
			isa = XCBuildConfiguration;
			buildSettings = {
				ALWAYS_SEARCH_USER_PATHS = NO;
				CLANG_ANALYZER_NONNULL = YES;
				CLANG_CXX_LANGUAGE_STANDARD = "gnu++0x";
				CLANG_CXX_LIBRARY = "libc++";
				CLANG_ENABLE_MODULES = YES;
				CLANG_ENABLE_OBJC_ARC = YES;
				CLANG_WARN_BOOL_CONVERSION = YES;
				CLANG_WARN_CONSTANT_CONVERSION = YES;
				CLANG_WARN_DIRECT_OBJC_ISA_USAGE = YES_ERROR;
				CLANG_WARN_DOCUMENTATION_COMMENTS = YES;
				CLANG_WARN_EMPTY_BODY = YES;
				CLANG_WARN_ENUM_CONVERSION = YES;
				CLANG_WARN_INFINITE_RECURSION = YES;
				CLANG_WARN_INT_CONVERSION = YES;
				CLANG_WARN_OBJC_ROOT_CLASS = YES_ERROR;
				CLANG_WARN_SUSPICIOUS_MOVE = YES;
				CLANG_WARN_UNREACHABLE_CODE = YES;
				CLANG_WARN__DUPLICATE_METHOD_MATCH = YES;
				"CODE_SIGN_IDENTITY[sdk=iphoneos*]" = "iPhone Developer";
				COPY_PHASE_STRIP = NO;
				DEBUG_INFORMATION_FORMAT = dwarf;
				ENABLE_STRICT_OBJC_MSGSEND = YES;
				ENABLE_TESTABILITY = YES;
				GCC_C_LANGUAGE_STANDARD = gnu99;
				GCC_DYNAMIC_NO_PIC = NO;
				GCC_NO_COMMON_BLOCKS = YES;
				GCC_OPTIMIZATION_LEVEL = 0;
				GCC_PREPROCESSOR_DEFINITIONS = (
					"DEBUG=1",
					"$(inherited)",
				);
				GCC_WARN_64_TO_32_BIT_CONVERSION = YES;
				GCC_WARN_ABOUT_RETURN_TYPE = YES_ERROR;
				GCC_WARN_UNDECLARED_SELECTOR = YES;
				GCC_WARN_UNINITIALIZED_AUTOS = YES_AGGRESSIVE;
				GCC_WARN_UNUSED_FUNCTION = YES;
				GCC_WARN_UNUSED_VARIABLE = YES;
				IPHONEOS_DEPLOYMENT_TARGET = 10.0;
				MTL_ENABLE_DEBUG_INFO = YES;
				ONLY_ACTIVE_ARCH = YES;
				SDKROOT = iphoneos;
				SWIFT_ACTIVE_COMPILATION_CONDITIONS = DEBUG;
				SWIFT_OPTIMIZATION_LEVEL = "-Onone";
				TARGETED_DEVICE_FAMILY = "1,2";
			};
			name = Debug;
		};
		B3B8E7D11D3D7DBC00AD0DCD /* Release */ = {
			isa = XCBuildConfiguration;
			buildSettings = {
				ALWAYS_SEARCH_USER_PATHS = NO;
				CLANG_ANALYZER_NONNULL = YES;
				CLANG_CXX_LANGUAGE_STANDARD = "gnu++0x";
				CLANG_CXX_LIBRARY = "libc++";
				CLANG_ENABLE_MODULES = YES;
				CLANG_ENABLE_OBJC_ARC = YES;
				CLANG_WARN_BOOL_CONVERSION = YES;
				CLANG_WARN_CONSTANT_CONVERSION = YES;
				CLANG_WARN_DIRECT_OBJC_ISA_USAGE = YES_ERROR;
				CLANG_WARN_DOCUMENTATION_COMMENTS = YES;
				CLANG_WARN_EMPTY_BODY = YES;
				CLANG_WARN_ENUM_CONVERSION = YES;
				CLANG_WARN_INFINITE_RECURSION = YES;
				CLANG_WARN_INT_CONVERSION = YES;
				CLANG_WARN_OBJC_ROOT_CLASS = YES_ERROR;
				CLANG_WARN_SUSPICIOUS_MOVE = YES;
				CLANG_WARN_UNREACHABLE_CODE = YES;
				CLANG_WARN__DUPLICATE_METHOD_MATCH = YES;
				"CODE_SIGN_IDENTITY[sdk=iphoneos*]" = "iPhone Developer";
				COPY_PHASE_STRIP = NO;
				DEBUG_INFORMATION_FORMAT = "dwarf-with-dsym";
				ENABLE_NS_ASSERTIONS = NO;
				ENABLE_STRICT_OBJC_MSGSEND = YES;
				GCC_C_LANGUAGE_STANDARD = gnu99;
				GCC_NO_COMMON_BLOCKS = YES;
				GCC_WARN_64_TO_32_BIT_CONVERSION = YES;
				GCC_WARN_ABOUT_RETURN_TYPE = YES_ERROR;
				GCC_WARN_UNDECLARED_SELECTOR = YES;
				GCC_WARN_UNINITIALIZED_AUTOS = YES_AGGRESSIVE;
				GCC_WARN_UNUSED_FUNCTION = YES;
				GCC_WARN_UNUSED_VARIABLE = YES;
				IPHONEOS_DEPLOYMENT_TARGET = 10.0;
				MTL_ENABLE_DEBUG_INFO = NO;
				SDKROOT = iphoneos;
				SWIFT_OPTIMIZATION_LEVEL = "-Owholemodule";
				TARGETED_DEVICE_FAMILY = "1,2";
				VALIDATE_PRODUCT = YES;
			};
			name = Release;
		};
		B3B8E7D31D3D7DBC00AD0DCD /* Debug */ = {
			isa = XCBuildConfiguration;
			buildSettings = {
				ASSETCATALOG_COMPILER_APPICON_NAME = AppIcon;
				INFOPLIST_FILE = CustomUIViewsLab/Info.plist;
				LD_RUNPATH_SEARCH_PATHS = "$(inherited) @executable_path/Frameworks";
				PRODUCT_BUNDLE_IDENTIFIER = com.GA.CustomUIViewsLab;
				PRODUCT_NAME = "$(TARGET_NAME)";
				SWIFT_VERSION = 3.0;
			};
			name = Debug;
		};
		B3B8E7D41D3D7DBC00AD0DCD /* Release */ = {
			isa = XCBuildConfiguration;
			buildSettings = {
				ASSETCATALOG_COMPILER_APPICON_NAME = AppIcon;
				INFOPLIST_FILE = CustomUIViewsLab/Info.plist;
				LD_RUNPATH_SEARCH_PATHS = "$(inherited) @executable_path/Frameworks";
				PRODUCT_BUNDLE_IDENTIFIER = com.GA.CustomUIViewsLab;
				PRODUCT_NAME = "$(TARGET_NAME)";
				SWIFT_VERSION = 3.0;
			};
			name = Release;
		};
/* End XCBuildConfiguration section */

/* Begin XCConfigurationList section */
		B3B8E7BB1D3D7DBC00AD0DCD /* Build configuration list for PBXProject "CustomUIViewsLab" */ = {
			isa = XCConfigurationList;
			buildConfigurations = (
				B3B8E7D01D3D7DBC00AD0DCD /* Debug */,
				B3B8E7D11D3D7DBC00AD0DCD /* Release */,
			);
			defaultConfigurationIsVisible = 0;
			defaultConfigurationName = Release;
		};
		B3B8E7D21D3D7DBC00AD0DCD /* Build configuration list for PBXNativeTarget "CustomUIViewsLab" */ = {
			isa = XCConfigurationList;
			buildConfigurations = (
				B3B8E7D31D3D7DBC00AD0DCD /* Debug */,
				B3B8E7D41D3D7DBC00AD0DCD /* Release */,
			);
			defaultConfigurationIsVisible = 0;
			defaultConfigurationName = Release;
		};
/* End XCConfigurationList section */
	};
	rootObject = B3B8E7B81D3D7DBC00AD0DCD /* Project object */;
}
